
Microsoft Visual Studio Solution File, Format Version 12.00
# Visual Studio Version 17
VisualStudioVersion = 17.13.35818.85 d17.13
MinimumVisualStudioVersion = 10.0.40219.1
Project("{FAE04EC0-301F-11D3-BF4B-00C04F79EFBC}") = "PhanVanKhanh_API", "PhanVanKhanh_API\PhanVanKhanh_API.csproj", "{E0C2A414-699F-4EBA-BA96-1B2C9D9117F4}"
EndProject
Project("{FAE04EC0-301F-11D3-BF4B-00C04F79EFBC}") = "PhanVanKhanh_APP", "PhanVanKhanh_APP\PhanVanKhanh_APP.csproj", "{9AE95E97-7B31-46C8-A99C-494EBEAEA04C}"
EndProject
Global
	GlobalSection(SolutionConfigurationPlatforms) = preSolution
		Debug|Any CPU = Debug|Any CPU
		Release|Any CPU = Release|Any CPU
	EndGlobalSection
	GlobalSection(ProjectConfigurationPlatforms) = postSolution
		{E0C2A414-699F-4EBA-BA96-1B2C9D9117F4}.Debug|Any CPU.ActiveCfg = Debug|Any CPU
		{E0C2A414-699F-4EBA-BA96-1B2C9D9117F4}.Debug|Any CPU.Build.0 = Debug|Any CPU
		{E0C2A414-699F-4EBA-BA96-1B2C9D9117F4}.Release|Any CPU.ActiveCfg = Release|Any CPU
		{E0C2A414-699F-4EBA-BA96-1B2C9D9117F4}.Release|Any CPU.Build.0 = Release|Any CPU
		{9AE95E97-7B31-46C8-A99C-494EBEAEA04C}.Debug|Any CPU.ActiveCfg = Debug|Any CPU
		{9AE95E97-7B31-46C8-A99C-494EBEAEA04C}.Debug|Any CPU.Build.0 = Debug|Any CPU
		{9AE95E97-7B31-46C8-A99C-494EBEAEA04C}.Release|Any CPU.ActiveCfg = Release|Any CPU
		{9AE95E97-7B31-46C8-A99C-494EBEAEA04C}.Release|Any CPU.Build.0 = Release|Any CPU
	EndGlobalSection
	GlobalSection(SolutionProperties) = preSolution
		HideSolutionNode = FALSE
	EndGlobalSection
	GlobalSection(ExtensibilityGlobals) = postSolution
		SolutionGuid = {4466F2F7-8369-4447-84F3-A33D359FCDCD}
	EndGlobalSection
EndGlobal
